github.com/Anprazt/simple_module_project v1.0.0 h1:6Ejofb7coX4mEIeD74IwATzEV0KZ1ls+dBqWBABFexk=
github.com/Anprazt/simple_module_project v1.0.0/go.mod h1:o4zafmNvIQmIIqNV5LBZRWhgLPbyfMmS/yDSTu5d5NE=
github.com/Anprazt/simple_module_project v1.0.2 h1:3Rhcso7uApTAKvwwBCCAiXeU7q0JLoC2JaSzlEtRRXk=
github.com/Anprazt/simple_module_project v1.0.2/go.mod h1:o4zafmNvIQmIIqNV5LBZRWhgLPbyfMmS/yDSTu5d5NE=
github.com/Anprazt/simple_module_project v1.0.3 h1:sL43fFsfXrXbVGQqggwm2Twi5/yHGOrErCaLBWtthUc=
github.com/Anprazt/simple_module_project v1.0.3/go.mod h1:o4zafmNvIQmIIqNV5LBZRWhgLPbyfMmS/yDSTu5d5NE=
